
Microsoft Visual Studio Solution File, Format Version 12.00
# Visual Studio Version 17
VisualStudioVersion = 17.0.31903.59
MinimumVisualStudioVersion = 10.0.40219.1
Project("{FAE04EC0-301F-11D3-BF4B-00C04F79EFBC}") = "ChroMapper-PropEditor", "ChroMapper-PropEditor\ChroMapper-PropEditor.csproj", "{CED9E157-FEC1-4207-8C34-7A5A682BE375}"
EndProject
Global
	GlobalSection(SolutionConfigurationPlatforms) = preSolution
		Debug|Any CPU = Debug|Any CPU
		Release|Any CPU = Release|Any CPU
	EndGlobalSection
	GlobalSection(SolutionProperties) = preSolution
		HideSolutionNode = FALSE
	EndGlobalSection
	GlobalSection(ProjectConfigurationPlatforms) = postSolution
		{CED9E157-FEC1-4207-8C34-7A5A682BE375}.Debug|Any CPU.ActiveCfg = Debug|Any CPU
		{CED9E157-FEC1-4207-8C34-7A5A682BE375}.Debug|Any CPU.Build.0 = Debug|Any CPU
		{CED9E157-FEC1-4207-8C34-7A5A682BE375}.Release|Any CPU.ActiveCfg = Release|Any CPU
		{CED9E157-FEC1-4207-8C34-7A5A682BE375}.Release|Any CPU.Build.0 = Release|Any CPU
	EndGlobalSection
EndGlobal
